
Microsoft Visual Studio Solution File, Format Version 12.00
# Visual Studio 2013
VisualStudioVersion = 12.0.21005.1
MinimumVisualStudioVersion = 10.0.40219.1
Project("{FAE04EC0-301F-11D3-BF4B-00C04F79EFBC}") = "Service", "GreatestMusicBlogEver\Service.csproj", "{4B9873AB-69F1-4A01-B422-B1E54F7DC539}"
EndProject
Project("{FAE04EC0-301F-11D3-BF4B-00C04F79EFBC}") = "Interfaces", "Interfaces\Interfaces.csproj", "{D1B47D0A-9A2F-472B-BBCF-BF9299817646}"
EndProject
Project("{FAE04EC0-301F-11D3-BF4B-00C04F79EFBC}") = "EFManager", "MongoDBManager\EFManager.csproj", "{7E0383E5-E30C-4B93-904E-CED9285221FE}"
EndProject
Project("{FAE04EC0-301F-11D3-BF4B-00C04F79EFBC}") = "Entities", "Entities\Entities.csproj", "{DC519EF8-95EF-4A99-854B-9656BE3FEE2C}"
EndProject
Project("{2150E333-8FDC-42A3-9474-1A3956D46DE8}") = "DAL", "DAL", "{4E011D1B-023C-4E9D-BB6E-F58DBE336464}"
EndProject
Project("{2150E333-8FDC-42A3-9474-1A3956D46DE8}") = "Common", "Common", "{36C5327D-C96D-4580-BCA1-9F136E2BB5FE}"
EndProject
Global
	GlobalSection(SolutionConfigurationPlatforms) = preSolution
		Debug|Any CPU = Debug|Any CPU
		Release|Any CPU = Release|Any CPU
	EndGlobalSection
	GlobalSection(ProjectConfigurationPlatforms) = postSolution
		{4B9873AB-69F1-4A01-B422-B1E54F7DC539}.Debug|Any CPU.ActiveCfg = Debug|Any CPU
		{4B9873AB-69F1-4A01-B422-B1E54F7DC539}.Debug|Any CPU.Build.0 = Debug|Any CPU
		{4B9873AB-69F1-4A01-B422-B1E54F7DC539}.Release|Any CPU.ActiveCfg = Release|Any CPU
		{4B9873AB-69F1-4A01-B422-B1E54F7DC539}.Release|Any CPU.Build.0 = Release|Any CPU
		{D1B47D0A-9A2F-472B-BBCF-BF9299817646}.Debug|Any CPU.ActiveCfg = Debug|Any CPU
		{D1B47D0A-9A2F-472B-BBCF-BF9299817646}.Debug|Any CPU.Build.0 = Debug|Any CPU
		{D1B47D0A-9A2F-472B-BBCF-BF9299817646}.Release|Any CPU.ActiveCfg = Release|Any CPU
		{D1B47D0A-9A2F-472B-BBCF-BF9299817646}.Release|Any CPU.Build.0 = Release|Any CPU
		{7E0383E5-E30C-4B93-904E-CED9285221FE}.Debug|Any CPU.ActiveCfg = Debug|Any CPU
		{7E0383E5-E30C-4B93-904E-CED9285221FE}.Debug|Any CPU.Build.0 = Debug|Any CPU
		{7E0383E5-E30C-4B93-904E-CED9285221FE}.Release|Any CPU.ActiveCfg = Release|Any CPU
		{7E0383E5-E30C-4B93-904E-CED9285221FE}.Release|Any CPU.Build.0 = Release|Any CPU
		{DC519EF8-95EF-4A99-854B-9656BE3FEE2C}.Debug|Any CPU.ActiveCfg = Debug|Any CPU
		{DC519EF8-95EF-4A99-854B-9656BE3FEE2C}.Debug|Any CPU.Build.0 = Debug|Any CPU
		{DC519EF8-95EF-4A99-854B-9656BE3FEE2C}.Release|Any CPU.ActiveCfg = Release|Any CPU
		{DC519EF8-95EF-4A99-854B-9656BE3FEE2C}.Release|Any CPU.Build.0 = Release|Any CPU
	EndGlobalSection
	GlobalSection(SolutionProperties) = preSolution
		HideSolutionNode = FALSE
	EndGlobalSection
	GlobalSection(NestedProjects) = preSolution
		{D1B47D0A-9A2F-472B-BBCF-BF9299817646} = {36C5327D-C96D-4580-BCA1-9F136E2BB5FE}
		{DC519EF8-95EF-4A99-854B-9656BE3FEE2C} = {36C5327D-C96D-4580-BCA1-9F136E2BB5FE}
		{7E0383E5-E30C-4B93-904E-CED9285221FE} = {4E011D1B-023C-4E9D-BB6E-F58DBE336464}
	EndGlobalSection
EndGlobal
